
Microsoft Visual Studio Solution File, Format Version 12.00
# Visual Studio Version 16
VisualStudioVersion = 16.0.31205.134
MinimumVisualStudioVersion = 10.0.40219.1
Project("{535C04D7-A2A5-47C7-83E0-B340A995CD1F}") = "ApplicationBanque", "ApplicationBanque\ApplicationBanque.cblproj", "{77D5C244-8DDC-4F01-B3A3-58FCA407D305}"
EndProject
Global
	GlobalSection(SolutionConfigurationPlatforms) = preSolution
		Debug|Any CPU = Debug|Any CPU
		Release|Any CPU = Release|Any CPU
	EndGlobalSection
	GlobalSection(ProjectConfigurationPlatforms) = postSolution
		{77D5C244-8DDC-4F01-B3A3-58FCA407D305}.Debug|Any CPU.ActiveCfg = Debug|Any CPU
		{77D5C244-8DDC-4F01-B3A3-58FCA407D305}.Debug|Any CPU.Build.0 = Debug|Any CPU
		{77D5C244-8DDC-4F01-B3A3-58FCA407D305}.Release|Any CPU.ActiveCfg = Release|Any CPU
		{77D5C244-8DDC-4F01-B3A3-58FCA407D305}.Release|Any CPU.Build.0 = Release|Any CPU
	EndGlobalSection
	GlobalSection(SolutionProperties) = preSolution
		HideSolutionNode = FALSE
	EndGlobalSection
	GlobalSection(ExtensibilityGlobals) = postSolution
		SolutionGuid = {4CF59837-03BE-4026-AC7E-CBCA4A43D5DB}
	EndGlobalSection
EndGlobal
