
Microsoft Visual Studio Solution File, Format Version 12.00
# Visual Studio Version 16
VisualStudioVersion = 16.0.31205.134
MinimumVisualStudioVersion = 10.0.40219.1
Project("{535C04D7-A2A5-47C7-83E0-B340A995CD1F}") = "ConsoleApplication1", "ConsoleApplication1\ConsoleApplication1.cblproj", "{485E6FD9-8073-41FB-ABE1-272BFEE5DC29}"
EndProject
Global
	GlobalSection(SolutionConfigurationPlatforms) = preSolution
		Debug|Any CPU = Debug|Any CPU
		Release|Any CPU = Release|Any CPU
	EndGlobalSection
	GlobalSection(ProjectConfigurationPlatforms) = postSolution
		{485E6FD9-8073-41FB-ABE1-272BFEE5DC29}.Debug|Any CPU.ActiveCfg = Debug|Any CPU
		{485E6FD9-8073-41FB-ABE1-272BFEE5DC29}.Debug|Any CPU.Build.0 = Debug|Any CPU
		{485E6FD9-8073-41FB-ABE1-272BFEE5DC29}.Release|Any CPU.ActiveCfg = Release|Any CPU
		{485E6FD9-8073-41FB-ABE1-272BFEE5DC29}.Release|Any CPU.Build.0 = Release|Any CPU
	EndGlobalSection
	GlobalSection(SolutionProperties) = preSolution
		HideSolutionNode = FALSE
	EndGlobalSection
	GlobalSection(ExtensibilityGlobals) = postSolution
		SolutionGuid = {7DAE7651-9326-4EAE-98E3-1679B40F9B7A}
	EndGlobalSection
EndGlobal
