
Microsoft Visual Studio Solution File, Format Version 12.00
# Visual Studio Version 16
VisualStudioVersion = 16.0.31205.134
MinimumVisualStudioVersion = 10.0.40219.1
Project("{535C04D7-A2A5-47C7-83E0-B340A995CD1F}") = "Fdj-Statitic", "Fdj-Statitic\Fdj-Statitic.cblproj", "{663EA14C-FB3D-435B-881F-E7A07BD5E7BD}"
EndProject
Global
	GlobalSection(SolutionConfigurationPlatforms) = preSolution
		Debug|Any CPU = Debug|Any CPU
		Release|Any CPU = Release|Any CPU
	EndGlobalSection
	GlobalSection(ProjectConfigurationPlatforms) = postSolution
		{663EA14C-FB3D-435B-881F-E7A07BD5E7BD}.Debug|Any CPU.ActiveCfg = Debug|Any CPU
		{663EA14C-FB3D-435B-881F-E7A07BD5E7BD}.Debug|Any CPU.Build.0 = Debug|Any CPU
		{663EA14C-FB3D-435B-881F-E7A07BD5E7BD}.Release|Any CPU.ActiveCfg = Release|Any CPU
		{663EA14C-FB3D-435B-881F-E7A07BD5E7BD}.Release|Any CPU.Build.0 = Release|Any CPU
	EndGlobalSection
	GlobalSection(SolutionProperties) = preSolution
		HideSolutionNode = FALSE
	EndGlobalSection
	GlobalSection(ExtensibilityGlobals) = postSolution
		SolutionGuid = {B4F2E424-E4F3-44DF-A9F9-AE4635930C22}
	EndGlobalSection
EndGlobal
