
Microsoft Visual Studio Solution File, Format Version 12.00
# Visual Studio Version 16
VisualStudioVersion = 16.0.31205.134
MinimumVisualStudioVersion = 10.0.40219.1
Project("{535C04D7-A2A5-47C7-83E0-B340A995CD1F}") = "testCobol1", "testCobol1\testCobol1.cblproj", "{5478D5EA-1B06-4BF3-A31E-E12B49CC5D47}"
EndProject
Global
	GlobalSection(SolutionConfigurationPlatforms) = preSolution
		Debug|Any CPU = Debug|Any CPU
		Release|Any CPU = Release|Any CPU
	EndGlobalSection
	GlobalSection(ProjectConfigurationPlatforms) = postSolution
		{5478D5EA-1B06-4BF3-A31E-E12B49CC5D47}.Debug|Any CPU.ActiveCfg = Debug|Any CPU
		{5478D5EA-1B06-4BF3-A31E-E12B49CC5D47}.Debug|Any CPU.Build.0 = Debug|Any CPU
		{5478D5EA-1B06-4BF3-A31E-E12B49CC5D47}.Release|Any CPU.ActiveCfg = Release|Any CPU
		{5478D5EA-1B06-4BF3-A31E-E12B49CC5D47}.Release|Any CPU.Build.0 = Release|Any CPU
	EndGlobalSection
	GlobalSection(SolutionProperties) = preSolution
		HideSolutionNode = FALSE
	EndGlobalSection
	GlobalSection(ExtensibilityGlobals) = postSolution
		SolutionGuid = {0DAE065D-02C8-4E01-8A32-E3472473328C}
	EndGlobalSection
EndGlobal
